{
  "name": "wikidata-inat-checker",
  "version": "1.0.0",
  "lockfileVersion": 3,
  "requires": true,
  "packages": {
    "": {
      "name": "wikidata-inat-checker",
      "version": "1.0.0",
      "license": "ISC",
      "dependencies": {
        "wikibase-sdk": "^11.6.1"
      },
      "engines": {
        "node": ">=18"
      }
    },
    "node_modules/wikibase-sdk": {
      "version": "11.6.1",
      "resolved": "https://registry.npmjs.org/wikibase-sdk/-/wikibase-sdk-11.6.1.tgz",
      "integrity": "sha512-uM6WcQhy0bsLs510j1QPmmI2bW4L2t7bF1vtZP0wFkx3PClYDFOXJvnWB43s2H1H0vnfuzZa5CcahbvATg27kQ==",
      "license": "MIT",
      "engines": {
        "node": ">= 12.0.0"
      }
    }
  }
}
