{
  "name": "wikidata-inat-checker",
  "version": "1.0.0",
  "lockfileVersion": 3,
  "requires": true,
  "packages": {
    "": {
      "name": "wikidata-inat-checker",
      "version": "1.0.0",
      "license": "MIT",
      "dependencies": {
        "p-limit": "^7.3.0",
        "wikibase-sdk": "^11.6.1"
      },
      "bin": {
        "check-area": "checkArea.js",
        "check-images": "checkImages.js",
        "check-links": "checkLinks.js",
        "check-links-stats": "checkLinksStats.js",
        "check-names": "checkNames.js",
        "draft-category": "draftCategory.js"
      },
      "engines": {
        "node": ">=26"
      }
    },
    "node_modules/p-limit": {
      "version": "7.3.0",
      "resolved": "https://registry.npmjs.org/p-limit/-/p-limit-7.3.0.tgz",
      "integrity": "sha512-7cIXg/Z0M5WZRblrsOla88S4wAK+zOQQWeBYfV3qJuJXMr+LnbYjaadrFaS0JILfEDPVqHyKnZ1Z/1d6J9VVUw==",
      "license": "MIT",
      "dependencies": {
        "yocto-queue": "^1.2.1"
      },
      "engines": {
        "node": ">=20"
      },
      "funding": {
        "url": "https://github.com/sponsors/sindresorhus"
      }
    },
    "node_modules/wikibase-sdk": {
      "version": "11.6.3",
      "resolved": "https://registry.npmjs.org/wikibase-sdk/-/wikibase-sdk-11.6.3.tgz",
      "integrity": "sha512-WH62eiNcXryD9ACeR8WMFNYDFpOtII5JqpbshghJ82c8jnoZmObHei0I/cxhx0kiefa/NY0DVQdBHPyvGfjswg==",
      "license": "MIT",
      "engines": {
        "node": ">= 12.0.0"
      }
    },
    "node_modules/yocto-queue": {
      "version": "1.2.2",
      "resolved": "https://registry.npmjs.org/yocto-queue/-/yocto-queue-1.2.2.tgz",
      "integrity": "sha512-4LCcse/U2MHZ63HAJVE+v71o7yOdIe4cZ70Wpf8D/IyjDKYQLV5GD46B+hSTjJsvV5PztjvHoU580EftxjDZFQ==",
      "license": "MIT",
      "engines": {
        "node": ">=12.20"
      },
      "funding": {
        "url": "https://github.com/sponsors/sindresorhus"
      }
    }
  }
}
